
Microsoft Visual Studio Solution File, Format Version 12.00
# Visual Studio Version 17
VisualStudioVersion = 17.7.34221.43
MinimumVisualStudioVersion = 10.0.40219.1
Project("{8BC9CEB8-8B4A-11D0-8D11-00A0C91BC942}") = "NetworkProgramming", "NetworkProgramming\NetworkProgramming.vcxproj", "{C0FB35F3-88BC-4D5E-A9BA-46F7E5A85D75}"
EndProject
Global
	GlobalSection(SolutionConfigurationPlatforms) = preSolution
		Debug|x64 = Debug|x64
		Debug|x86 = Debug|x86
		Release|x64 = Release|x64
		Release|x86 = Release|x86
	EndGlobalSection
	GlobalSection(ProjectConfigurationPlatforms) = postSolution
		{C0FB35F3-88BC-4D5E-A9BA-46F7E5A85D75}.Debug|x64.ActiveCfg = Debug|x64
		{C0FB35F3-88BC-4D5E-A9BA-46F7E5A85D75}.Debug|x64.Build.0 = Debug|x64
		{C0FB35F3-88BC-4D5E-A9BA-46F7E5A85D75}.Debug|x86.ActiveCfg = Debug|Win32
		{C0FB35F3-88BC-4D5E-A9BA-46F7E5A85D75}.Debug|x86.Build.0 = Debug|Win32
		{C0FB35F3-88BC-4D5E-A9BA-46F7E5A85D75}.Release|x64.ActiveCfg = Release|x64
		{C0FB35F3-88BC-4D5E-A9BA-46F7E5A85D75}.Release|x64.Build.0 = Release|x64
		{C0FB35F3-88BC-4D5E-A9BA-46F7E5A85D75}.Release|x86.ActiveCfg = Release|Win32
		{C0FB35F3-88BC-4D5E-A9BA-46F7E5A85D75}.Release|x86.Build.0 = Release|Win32
	EndGlobalSection
	GlobalSection(SolutionProperties) = preSolution
		HideSolutionNode = FALSE
	EndGlobalSection
	GlobalSection(ExtensibilityGlobals) = postSolution
		SolutionGuid = {C1937663-6B24-4236-85F0-AD7743F70675}
	EndGlobalSection
EndGlobal
